PODS:
  - ActiveLabel (1.0.1)
  - Alamofire (4.7.3)
  - AlamofireImage (3.4.1):
    - Alamofire (~> 4.7)
  - Cactacea (18.12.2):
    - Alamofire (~> 4.7.3)
    - RxSwift (~> 4.4)
  - KeychainAccess (3.1.2)
  - Nimble (7.3.1)
  - PryntTrimmerView (3.0.0)
  - Quick (1.3.2)
  - RxAtomic (4.4.0)
  - RxCocoa (4.4.0):
    - RxSwift (~> 4.0)
  - RxSwift (4.4.0):
    - RxAtomic (~> 4.4)
  - SteviaLayout (4.4.0)
  - YPImagePicker (3.5.2):
    - PryntTrimmerView (~> 3.0.0)
    - SteviaLayout (~> 4.4.0)

DEPENDENCIES:
  - ActiveLabel
  - Alamofire (~> 4.7.3)
  - AlamofireImage
  - Cactacea (from `../`)
  - KeychainAccess (~> 3.1.2)
  - Nimble (~> 7.3.1)
  - Quick (~> 1.3.2)
  - RxCocoa (~> 4.4.0)
  - RxSwift (~> 4.4.0)
  - YPImagePicker

SPEC REPOS:
  https://github.com/cocoapods/specs.git:
    - ActiveLabel
    - Alamofire
    - AlamofireImage
    - KeychainAccess
    - Nimble
    - PryntTrimmerView
    - Quick
    - RxAtomic
    - RxCocoa
    - RxSwift
    - SteviaLayout
    - YPImagePicker

EXTERNAL SOURCES:
  Cactacea:
    :path: "../"

SPEC CHECKSUMS:
  ActiveLabel: b8b2396fe25308d563601437d6605bf691c3b5db
  Alamofire: c7287b6e5d7da964a70935e5db17046b7fde6568
  AlamofireImage: 78d67ccbb763d87ba44b21583d2153500a195630
  Cactacea: cadd54126fb79b016dad625ca976d78a81bea78e
  KeychainAccess: b3816fddcf28aa29d94b10ec305cd52be14c472b
  Nimble: 04f732da099ea4d153122aec8c2a88fd0c7219ae
  PryntTrimmerView: 53ac64053c7ce63cb3e27f54090f52da0734891d
  Quick: 2623cb30d7a7f41ca62f684f679586558f483d46
  RxAtomic: eacf60db868c96bfd63320e28619fe29c179656f
  RxCocoa: df63ebf7b9a70d6b4eeea407ed5dd4efc8979749
  RxSwift: 5976ecd04fc2fefd648827c23de5e11157faa973
  SteviaLayout: dd74d1abd127bbf0ce346ac9430441684fe427d0
  YPImagePicker: 26d5bf7bfe1cffd1c5eedea3ac60422b314e2a42

PODFILE CHECKSUM: 4ea1672ceb731fd75ece35b84ec5ace42761d15d

COCOAPODS: 1.5.3
