// !$*UTF8*$!
{
	archiveVersion = 1;
	classes = {
	};
	objectVersion = 46;
	objects = {

/* Begin PBXBuildFile section */
		14F7CBA3749D7243E9CB0AEE /* Pods_Cactacea_Tests.framework in Frameworks */ = {isa = PBXBuildFile; fileRef = 61D4AC9D02D6B909014F6C62 /* Pods_Cactacea_Tests.framework */; };
		4F743BEA121144A5D9A9D0F8 /* Pods_OneSignalNotificationServiceExtension.framework in Frameworks */ = {isa = PBXBuildFile; fileRef = 0995E7C1252E3E1BFE3B8EF2 /* Pods_OneSignalNotificationServiceExtension.framework */; };
		607FACD61AFB9204008FA782 /* AppDelegate.swift in Sources */ = {isa = PBXBuildFile; fileRef = 607FACD51AFB9204008FA782 /* AppDelegate.swift */; };
		607FACD81AFB9204008FA782 /* ViewController.swift in Sources */ = {isa = PBXBuildFile; fileRef = 607FACD71AFB9204008FA782 /* ViewController.swift */; };
		607FACDB1AFB9204008FA782 /* Main.storyboard in Resources */ = {isa = PBXBuildFile; fileRef = 607FACD91AFB9204008FA782 /* Main.storyboard */; };
		607FACE01AFB9204008FA782 /* LaunchScreen.xib in Resources */ = {isa = PBXBuildFile; fileRef = 607FACDE1AFB9204008FA782 /* LaunchScreen.xib */; };
		607FACEC1AFB9204008FA782 /* Tests.swift in Sources */ = {isa = PBXBuildFile; fileRef = 607FACEB1AFB9204008FA782 /* Tests.swift */; };
		8209B07921CBDE98003C5D2B /* ProfileEditViewController.swift in Sources */ = {isa = PBXBuildFile; fileRef = 8209B07821CBDE98003C5D2B /* ProfileEditViewController.swift */; };
		820EE91B21C49F2700B1CDE2 /* PageFooterView.swift in Sources */ = {isa = PBXBuildFile; fileRef = 820EE91A21C49F2700B1CDE2 /* PageFooterView.swift */; };
		820EE92A21C5502100B1CDE2 /* Pager.swift in Sources */ = {isa = PBXBuildFile; fileRef = 820EE92921C5502100B1CDE2 /* Pager.swift */; };
		820EE92D21C5BD9700B1CDE2 /* FriendRequetsSentViewController.swift in Sources */ = {isa = PBXBuildFile; fileRef = 820EE92C21C5BD9700B1CDE2 /* FriendRequetsSentViewController.swift */; };
		820EE92F21C5BDB000B1CDE2 /* FriendRequetsSentCell.swift in Sources */ = {isa = PBXBuildFile; fileRef = 820EE92E21C5BDB000B1CDE2 /* FriendRequetsSentCell.swift */; };
		820EE93221C5C14400B1CDE2 /* BlockingUsersViewControlller.swift in Sources */ = {isa = PBXBuildFile; fileRef = 820EE93121C5C14400B1CDE2 /* BlockingUsersViewControlller.swift */; };
		820EE93421C5C15A00B1CDE2 /* BlockingUserCell.swift in Sources */ = {isa = PBXBuildFile; fileRef = 820EE93321C5C15A00B1CDE2 /* BlockingUserCell.swift */; };
		820FE83521AA63DE001097F5 /* Images.xcassets in Resources */ = {isa = PBXBuildFile; fileRef = 820FE83421AA63DE001097F5 /* Images.xcassets */; };
		820FE83721AC0CE0001097F5 /* Session.swift in Sources */ = {isa = PBXBuildFile; fileRef = 820FE83621AC0CE0001097F5 /* Session.swift */; };
		820FE83A21AC0E6C001097F5 /* MainController.swift in Sources */ = {isa = PBXBuildFile; fileRef = 820FE83921AC0E6C001097F5 /* MainController.swift */; };
		820FE83C21AC0EEC001097F5 /* SignUpViewController.swift in Sources */ = {isa = PBXBuildFile; fileRef = 820FE83B21AC0EEC001097F5 /* SignUpViewController.swift */; };
		820FE83E21AC0F11001097F5 /* SignInViewController.swift in Sources */ = {isa = PBXBuildFile; fileRef = 820FE83D21AC0F11001097F5 /* SignInViewController.swift */; };
		820FE84021AC0F45001097F5 /* ContactViewController.swift in Sources */ = {isa = PBXBuildFile; fileRef = 820FE83F21AC0F45001097F5 /* ContactViewController.swift */; };
		82112B7F21BB5A0B00F2C54B /* FeedsViewController.swift in Sources */ = {isa = PBXBuildFile; fileRef = 82112B7E21BB5A0B00F2C54B /* FeedsViewController.swift */; };
		82112B8121BB5A2700F2C54B /* FeedCell.swift in Sources */ = {isa = PBXBuildFile; fileRef = 82112B8021BB5A2700F2C54B /* FeedCell.swift */; };
		82112B8421BB926600F2C54B /* CommentsViewController.swift in Sources */ = {isa = PBXBuildFile; fileRef = 82112B8321BB926600F2C54B /* CommentsViewController.swift */; };
		82112B8621BB934D00F2C54B /* CommentCell.swift in Sources */ = {isa = PBXBuildFile; fileRef = 82112B8521BB934D00F2C54B /* CommentCell.swift */; };
		821B278C21D26BBC00F4F42E /* Message+Extension.swift in Sources */ = {isa = PBXBuildFile; fileRef = 821B278B21D26BBC00F4F42E /* Message+Extension.swift */; };
		821B278E21D26C1300F4F42E /* Medium+Extension.swift in Sources */ = {isa = PBXBuildFile; fileRef = 821B278D21D26C1300F4F42E /* Medium+Extension.swift */; };
		821B279021D26C4C00F4F42E /* UIScrollView+Extension.swift in Sources */ = {isa = PBXBuildFile; fileRef = 821B278F21D26C4C00F4F42E /* UIScrollView+Extension.swift */; };
		821B279221D26C6800F4F42E /* UIAlertController+Extension.swift in Sources */ = {isa = PBXBuildFile; fileRef = 821B279121D26C6800F4F42E /* UIAlertController+Extension.swift */; };
		821B279421D26C8E00F4F42E /* MediumsAPI+Extension.swift in Sources */ = {isa = PBXBuildFile; fileRef = 821B279321D26C8E00F4F42E /* MediumsAPI+Extension.swift */; };
		821B279621D26CB300F4F42E /* UIButton+Extension.swift in Sources */ = {isa = PBXBuildFile; fileRef = 821B279521D26CB300F4F42E /* UIButton+Extension.swift */; };
		821B279821D26CD400F4F42E /* UIBarButtonItem+Extension.swift in Sources */ = {isa = PBXBuildFile; fileRef = 821B279721D26CD400F4F42E /* UIBarButtonItem+Extension.swift */; };
		821B279A21D26D0300F4F42E /* Date+Extension.swift in Sources */ = {isa = PBXBuildFile; fileRef = 821B279921D26D0300F4F42E /* Date+Extension.swift */; };
		821B279C21D26D1B00F4F42E /* UIColor+Extension.swift in Sources */ = {isa = PBXBuildFile; fileRef = 821B279B21D26D1B00F4F42E /* UIColor+Extension.swift */; };
		821B279E21D26D4600F4F42E /* NSNotification+Extension.swift in Sources */ = {isa = PBXBuildFile; fileRef = 821B279D21D26D4600F4F42E /* NSNotification+Extension.swift */; };
		8232366F21CF39AC0086F4CB /* ChatViewController.swift in Sources */ = {isa = PBXBuildFile; fileRef = 8232366E21CF39AC0086F4CB /* ChatViewController.swift */; };
		8232367A21CF3A300086F4CB /* UIColor+Extensions.swift in Sources */ = {isa = PBXBuildFile; fileRef = 8232367821CF3A300086F4CB /* UIColor+Extensions.swift */; };
		8232367B21CF3A300086F4CB /* UIViewController+Extensions.swift in Sources */ = {isa = PBXBuildFile; fileRef = 8232367921CF3A300086F4CB /* UIViewController+Extensions.swift */; };
		8232368121CF3A690086F4CB /* Settings+UserDefaults.swift in Sources */ = {isa = PBXBuildFile; fileRef = 8232368021CF3A680086F4CB /* Settings+UserDefaults.swift */; };
		8232368521CF3E220086F4CB /* Assets.xcassets in Resources */ = {isa = PBXBuildFile; fileRef = 8232368421CF3E220086F4CB /* Assets.xcassets */; };
		8246C6EE221120230048C3F8 /* NotificationService.swift in Sources */ = {isa = PBXBuildFile; fileRef = 8246C6ED221120230048C3F8 /* NotificationService.swift */; };
		8246C6F2221120230048C3F8 /* OneSignalNotificationServiceExtension.appex in Embed App Extensions */ = {isa = PBXBuildFile; fileRef = 8246C6EB221120230048C3F8 /* OneSignalNotificationServiceExtension.appex */; settings = {ATTRIBUTES = (RemoveHeadersOnCopy, ); }; };
		824BC48D21BCEDF30094841A /* OptionsViewController.swift in Sources */ = {isa = PBXBuildFile; fileRef = 824BC48C21BCEDF30094841A /* OptionsViewController.swift */; };
		824BC49021BD1E760094841A /* MyProfileViewController.swift in Sources */ = {isa = PBXBuildFile; fileRef = 824BC48F21BD1E760094841A /* MyProfileViewController.swift */; };
		824BC49221BD24E80094841A /* MyProfileHeaderReusableView.swift in Sources */ = {isa = PBXBuildFile; fileRef = 824BC49121BD24E80094841A /* MyProfileHeaderReusableView.swift */; };
		824BC49421BD2DD00094841A /* ProfilePhotoCell.swift in Sources */ = {isa = PBXBuildFile; fileRef = 824BC49321BD2DD00094841A /* ProfilePhotoCell.swift */; };
		824BC49621BD3F8A0094841A /* AccountEditViewController.swift in Sources */ = {isa = PBXBuildFile; fileRef = 824BC49521BD3F8A0094841A /* AccountEditViewController.swift */; };
		82968E0521C61EF30023A11E /* FollowersViewController.swift in Sources */ = {isa = PBXBuildFile; fileRef = 82968E0421C61EF30023A11E /* FollowersViewController.swift */; };
		82968E0721C61F000023A11E /* FollowerCell.swift in Sources */ = {isa = PBXBuildFile; fileRef = 82968E0621C61F000023A11E /* FollowerCell.swift */; };
		82968E0A21C62A4C0023A11E /* FriendsViewController.swift in Sources */ = {isa = PBXBuildFile; fileRef = 82968E0921C62A4C0023A11E /* FriendsViewController.swift */; };
		82968E0C21C62A5A0023A11E /* FriendCell.swift in Sources */ = {isa = PBXBuildFile; fileRef = 82968E0B21C62A5A0023A11E /* FriendCell.swift */; };
		829857C621C5F14800D4773D /* RequestBuilder.swift in Sources */ = {isa = PBXBuildFile; fileRef = 829857C521C5F14800D4773D /* RequestBuilder.swift */; };
		829857C921C5F74600D4773D /* FollowingUsersViewController.swift in Sources */ = {isa = PBXBuildFile; fileRef = 829857C821C5F74600D4773D /* FollowingUsersViewController.swift */; };
		829857CB21C5F75800D4773D /* FollowingUserCell.swift in Sources */ = {isa = PBXBuildFile; fileRef = 829857CA21C5F75800D4773D /* FollowingUserCell.swift */; };
		829CF04221AC1CD400D5B5EB /* UIView+Extension.swift in Sources */ = {isa = PBXBuildFile; fileRef = 829CF04121AC1CD400D5B5EB /* UIView+Extension.swift */; };
		829CF04D21AD6AC100D5B5EB /* SharePhotoController.swift in Sources */ = {isa = PBXBuildFile; fileRef = 829CF04C21AD6AC100D5B5EB /* SharePhotoController.swift */; };
		829CF04F21AD6B3600D5B5EB /* PlaceHolderTextView.swift in Sources */ = {isa = PBXBuildFile; fileRef = 829CF04E21AD6B3600D5B5EB /* PlaceHolderTextView.swift */; };
		829CF05421B565A000D5B5EB /* FindFriendsViewController.swift in Sources */ = {isa = PBXBuildFile; fileRef = 829CF05321B5659F00D5B5EB /* FindFriendsViewController.swift */; };
		829CF05621B5745100D5B5EB /* FindFriendsCell.swift in Sources */ = {isa = PBXBuildFile; fileRef = 829CF05521B5745100D5B5EB /* FindFriendsCell.swift */; };
		82AD415D21C001590023EF6C /* ReceivedFriendRequestsViewController.swift in Sources */ = {isa = PBXBuildFile; fileRef = 82AD415B21BFFF260023EF6C /* ReceivedFriendRequestsViewController.swift */; };
		82AD415E21C001590023EF6C /* ReceivedFriendRequestsCell.swift in Sources */ = {isa = PBXBuildFile; fileRef = 82AD415C21BFFF260023EF6C /* ReceivedFriendRequestsCell.swift */; };
		82AD416721C08EC60023EF6C /* ContactCell.swift in Sources */ = {isa = PBXBuildFile; fileRef = 82AD416621C08EC60023EF6C /* ContactCell.swift */; };
		82AE928D21C6824500B34F50 /* ProfileViewController.swift in Sources */ = {isa = PBXBuildFile; fileRef = 82AE928C21C6824500B34F50 /* ProfileViewController.swift */; };
		82AE928F21C6840400B34F50 /* ProfileHeaderReusableView.swift in Sources */ = {isa = PBXBuildFile; fileRef = 82AE928E21C6840400B34F50 /* ProfileHeaderReusableView.swift */; };
		82AE929421C69D4B00B34F50 /* NotificationSettingsViewController.swift in Sources */ = {isa = PBXBuildFile; fileRef = 82AE929321C69D4B00B34F50 /* NotificationSettingsViewController.swift */; };
		82D4F2DC21EB224000F6BF5B /* ChatMessage.swift in Sources */ = {isa = PBXBuildFile; fileRef = 82D4F2DB21EB224000F6BF5B /* ChatMessage.swift */; };
		A30072B50BFA31CA9C144705 /* Pods_Cactacea_Example.framework in Frameworks */ = {isa = PBXBuildFile; fileRef = 5E62A8AEF46FEDBB34C8B0FF /* Pods_Cactacea_Example.framework */; };
/* End PBXBuildFile section */

/* Begin PBXContainerItemProxy section */
		607FACE61AFB9204008FA782 /* PBXContainerItemProxy */ = {
			isa = PBXContainerItemProxy;
			containerPortal = 607FACC81AFB9204008FA782 /* Project object */;
			proxyType = 1;
			remoteGlobalIDString = 607FACCF1AFB9204008FA782;
			remoteInfo = Cactacea;
		};
		8246C6F0221120230048C3F8 /* PBXContainerItemProxy */ = {
			isa = PBXContainerItemProxy;
			containerPortal = 607FACC81AFB9204008FA782 /* Project object */;
			proxyType = 1;
			remoteGlobalIDString = 8246C6EA221120230048C3F8;
			remoteInfo = OneSignalNotificationServiceExtension;
		};
/* End PBXContainerItemProxy section */

/* Begin PBXCopyFilesBuildPhase section */
		8246C6F6221120230048C3F8 /* Embed App Extensions */ = {
			isa = PBXCopyFilesBuildPhase;
			buildActionMask = 2147483647;
			dstPath = "";
			dstSubfolderSpec = 13;
			files = (
				8246C6F2221120230048C3F8 /* OneSignalNotificationServiceExtension.appex in Embed App Extensions */,
			);
			name = "Embed App Extensions";
			runOnlyForDeploymentPostprocessing = 0;
		};
/* End PBXCopyFilesBuildPhase section */

/* Begin PBXFileReference section */
		0995E7C1252E3E1BFE3B8EF2 /* Pods_OneSignalNotificationServiceExtension.framework */ = {isa = PBXFileReference; explicitFileType = wrapper.framework; includeInIndex = 0; path = Pods_OneSignalNotificationServiceExtension.framework; sourceTree = BUILT_PRODUCTS_DIR; };
		0A5EDE39FF451A62B67D2C43 /* Pods-OneSignalNotificationServiceExtension.release.xcconfig */ = {isa = PBXFileReference; includeInIndex = 1; lastKnownFileType = text.xcconfig; name = "Pods-OneSignalNotificationServiceExtension.release.xcconfig"; path = "Pods/Target Support Files/Pods-OneSignalNotificationServiceExtension/Pods-OneSignalNotificationServiceExtension.release.xcconfig"; sourceTree = "<group>"; };
		0AD96C988D040B5CFF2ED824 /* README.md */ = {isa = PBXFileReference; includeInIndex = 1; lastKnownFileType = net.daringfireball.markdown; name = README.md; path = ../README.md; sourceTree = "<group>"; };
		0E41770087A92E553CDE03AC /* Pods-OneSignalNotificationServiceExtension.debug.xcconfig */ = {isa = PBXFileReference; includeInIndex = 1; lastKnownFileType = text.xcconfig; name = "Pods-OneSignalNotificationServiceExtension.debug.xcconfig"; path = "Pods/Target Support Files/Pods-OneSignalNotificationServiceExtension/Pods-OneSignalNotificationServiceExtension.debug.xcconfig"; sourceTree = "<group>"; };
		0FFDC0C75D3B2699EA7E82BD /* Cactacea.podspec */ = {isa = PBXFileReference; includeInIndex = 1; lastKnownFileType = text; name = Cactacea.podspec; path = ../Cactacea.podspec; sourceTree = "<group>"; xcLanguageSpecificationIdentifier = xcode.lang.ruby; };
		5E62A8AEF46FEDBB34C8B0FF /* Pods_Cactacea_Example.framework */ = {isa = PBXFileReference; explicitFileType = wrapper.framework; includeInIndex = 0; path = Pods_Cactacea_Example.framework; sourceTree = BUILT_PRODUCTS_DIR; };
		607FACD01AFB9204008FA782 /* Cactacea_Example.app */ = {isa = PBXFileReference; explicitFileType = wrapper.application; includeInIndex = 0; path = Cactacea_Example.app; sourceTree = BUILT_PRODUCTS_DIR; };
		607FACD41AFB9204008FA782 /* Info.plist */ = {isa = PBXFileReference; lastKnownFileType = text.plist.xml; path = Info.plist; sourceTree = "<group>"; };
		607FACD51AFB9204008FA782 /* AppDelegate.swift */ = {isa = PBXFileReference; lastKnownFileType = sourcecode.swift; path = AppDelegate.swift; sourceTree = "<group>"; };
		607FACD71AFB9204008FA782 /* ViewController.swift */ = {isa = PBXFileReference; lastKnownFileType = sourcecode.swift; path = ViewController.swift; sourceTree = "<group>"; };
		607FACDA1AFB9204008FA782 /* Base */ = {isa = PBXFileReference; lastKnownFileType = file.storyboard; name = Base; path = Base.lproj/Main.storyboard; sourceTree = "<group>"; };
		607FACDF1AFB9204008FA782 /* Base */ = {isa = PBXFileReference; lastKnownFileType = file.xib; name = Base; path = Base.lproj/LaunchScreen.xib; sourceTree = "<group>"; };
		607FACE51AFB9204008FA782 /* Cactacea_Tests.xctest */ = {isa = PBXFileReference; explicitFileType = wrapper.cfbundle; includeInIndex = 0; path = Cactacea_Tests.xctest; sourceTree = BUILT_PRODUCTS_DIR; };
		607FACEA1AFB9204008FA782 /* Info.plist */ = {isa = PBXFileReference; lastKnownFileType = text.plist.xml; path = Info.plist; sourceTree = "<group>"; };
		607FACEB1AFB9204008FA782 /* Tests.swift */ = {isa = PBXFileReference; lastKnownFileType = sourcecode.swift; path = Tests.swift; sourceTree = "<group>"; };
		61D4AC9D02D6B909014F6C62 /* Pods_Cactacea_Tests.framework */ = {isa = PBXFileReference; explicitFileType = wrapper.framework; includeInIndex = 0; path = Pods_Cactacea_Tests.framework; sourceTree = BUILT_PRODUCTS_DIR; };
		8209B07821CBDE98003C5D2B /* ProfileEditViewController.swift */ = {isa = PBXFileReference; lastKnownFileType = sourcecode.swift; path = ProfileEditViewController.swift; sourceTree = "<group>"; };
		820EE91A21C49F2700B1CDE2 /* PageFooterView.swift */ = {isa = PBXFileReference; lastKnownFileType = sourcecode.swift; path = PageFooterView.swift; sourceTree = "<group>"; };
		820EE92921C5502100B1CDE2 /* Pager.swift */ = {isa = PBXFileReference; fileEncoding = 4; lastKnownFileType = sourcecode.swift; path = Pager.swift; sourceTree = "<group>"; };
		820EE92C21C5BD9700B1CDE2 /* FriendRequetsSentViewController.swift */ = {isa = PBXFileReference; lastKnownFileType = sourcecode.swift; path = FriendRequetsSentViewController.swift; sourceTree = "<group>"; };
		820EE92E21C5BDB000B1CDE2 /* FriendRequetsSentCell.swift */ = {isa = PBXFileReference; lastKnownFileType = sourcecode.swift; path = FriendRequetsSentCell.swift; sourceTree = "<group>"; };
		820EE93121C5C14400B1CDE2 /* BlockingUsersViewControlller.swift */ = {isa = PBXFileReference; lastKnownFileType = sourcecode.swift; path = BlockingUsersViewControlller.swift; sourceTree = "<group>"; };
		820EE93321C5C15A00B1CDE2 /* BlockingUserCell.swift */ = {isa = PBXFileReference; lastKnownFileType = sourcecode.swift; path = BlockingUserCell.swift; sourceTree = "<group>"; };
		820FE83421AA63DE001097F5 /* Images.xcassets */ = {isa = PBXFileReference; lastKnownFileType = folder.assetcatalog; path = Images.xcassets; sourceTree = "<group>"; };
		820FE83621AC0CE0001097F5 /* Session.swift */ = {isa = PBXFileReference; lastKnownFileType = sourcecode.swift; path = Session.swift; sourceTree = "<group>"; };
		820FE83921AC0E6C001097F5 /* MainController.swift */ = {isa = PBXFileReference; lastKnownFileType = sourcecode.swift; path = MainController.swift; sourceTree = "<group>"; };
		820FE83B21AC0EEC001097F5 /* SignUpViewController.swift */ = {isa = PBXFileReference; lastKnownFileType = sourcecode.swift; path = SignUpViewController.swift; sourceTree = "<group>"; };
		820FE83D21AC0F11001097F5 /* SignInViewController.swift */ = {isa = PBXFileReference; lastKnownFileType = sourcecode.swift; path = SignInViewController.swift; sourceTree = "<group>"; };
		820FE83F21AC0F45001097F5 /* ContactViewController.swift */ = {isa = PBXFileReference; lastKnownFileType = sourcecode.swift; path = ContactViewController.swift; sourceTree = "<group>"; };
		82112B7E21BB5A0B00F2C54B /* FeedsViewController.swift */ = {isa = PBXFileReference; lastKnownFileType = sourcecode.swift; path = FeedsViewController.swift; sourceTree = "<group>"; };
		82112B8021BB5A2700F2C54B /* FeedCell.swift */ = {isa = PBXFileReference; lastKnownFileType = sourcecode.swift; path = FeedCell.swift; sourceTree = "<group>"; };
		82112B8321BB926600F2C54B /* CommentsViewController.swift */ = {isa = PBXFileReference; fileEncoding = 4; lastKnownFileType = sourcecode.swift; path = CommentsViewController.swift; sourceTree = "<group>"; };
		82112B8521BB934D00F2C54B /* CommentCell.swift */ = {isa = PBXFileReference; fileEncoding = 4; lastKnownFileType = sourcecode.swift; path = CommentCell.swift; sourceTree = "<group>"; };
		821B278B21D26BBC00F4F42E /* Message+Extension.swift */ = {isa = PBXFileReference; lastKnownFileType = sourcecode.swift; path = "Message+Extension.swift"; sourceTree = "<group>"; };
		821B278D21D26C1300F4F42E /* Medium+Extension.swift */ = {isa = PBXFileReference; lastKnownFileType = sourcecode.swift; path = "Medium+Extension.swift"; sourceTree = "<group>"; };
		821B278F21D26C4C00F4F42E /* UIScrollView+Extension.swift */ = {isa = PBXFileReference; lastKnownFileType = sourcecode.swift; path = "UIScrollView+Extension.swift"; sourceTree = "<group>"; };
		821B279121D26C6800F4F42E /* UIAlertController+Extension.swift */ = {isa = PBXFileReference; lastKnownFileType = sourcecode.swift; path = "UIAlertController+Extension.swift"; sourceTree = "<group>"; };
		821B279321D26C8E00F4F42E /* MediumsAPI+Extension.swift */ = {isa = PBXFileReference; lastKnownFileType = sourcecode.swift; path = "MediumsAPI+Extension.swift"; sourceTree = "<group>"; };
		821B279521D26CB300F4F42E /* UIButton+Extension.swift */ = {isa = PBXFileReference; lastKnownFileType = sourcecode.swift; path = "UIButton+Extension.swift"; sourceTree = "<group>"; };
		821B279721D26CD400F4F42E /* UIBarButtonItem+Extension.swift */ = {isa = PBXFileReference; lastKnownFileType = sourcecode.swift; path = "UIBarButtonItem+Extension.swift"; sourceTree = "<group>"; };
		821B279921D26D0300F4F42E /* Date+Extension.swift */ = {isa = PBXFileReference; lastKnownFileType = sourcecode.swift; path = "Date+Extension.swift"; sourceTree = "<group>"; };
		821B279B21D26D1B00F4F42E /* UIColor+Extension.swift */ = {isa = PBXFileReference; lastKnownFileType = sourcecode.swift; path = "UIColor+Extension.swift"; sourceTree = "<group>"; };
		821B279D21D26D4600F4F42E /* NSNotification+Extension.swift */ = {isa = PBXFileReference; lastKnownFileType = sourcecode.swift; path = "NSNotification+Extension.swift"; sourceTree = "<group>"; };
		8232366E21CF39AC0086F4CB /* ChatViewController.swift */ = {isa = PBXFileReference; lastKnownFileType = sourcecode.swift; path = ChatViewController.swift; sourceTree = "<group>"; };
		8232367821CF3A300086F4CB /* UIColor+Extensions.swift */ = {isa = PBXFileReference; fileEncoding = 4; lastKnownFileType = sourcecode.swift; path = "UIColor+Extensions.swift"; sourceTree = "<group>"; };
		8232367921CF3A300086F4CB /* UIViewController+Extensions.swift */ = {isa = PBXFileReference; fileEncoding = 4; lastKnownFileType = sourcecode.swift; path = "UIViewController+Extensions.swift"; sourceTree = "<group>"; };
		8232368021CF3A680086F4CB /* Settings+UserDefaults.swift */ = {isa = PBXFileReference; fileEncoding = 4; lastKnownFileType = sourcecode.swift; path = "Settings+UserDefaults.swift"; sourceTree = "<group>"; };
		8232368421CF3E220086F4CB /* Assets.xcassets */ = {isa = PBXFileReference; lastKnownFileType = folder.assetcatalog; path = Assets.xcassets; sourceTree = "<group>"; };
		8246C6EB221120230048C3F8 /* OneSignalNotificationServiceExtension.appex */ = {isa = PBXFileReference; explicitFileType = "wrapper.app-extension"; includeInIndex = 0; path = OneSignalNotificationServiceExtension.appex; sourceTree = BUILT_PRODUCTS_DIR; };
		8246C6ED221120230048C3F8 /* NotificationService.swift */ = {isa = PBXFileReference; lastKnownFileType = sourcecode.swift; path = NotificationService.swift; sourceTree = "<group>"; };
		8246C6EF221120230048C3F8 /* Info.plist */ = {isa = PBXFileReference; lastKnownFileType = text.plist.xml; path = Info.plist; sourceTree = "<group>"; };
		8246C6F72211221A0048C3F8 /* Cactacea_Example.entitlements */ = {isa = PBXFileReference; lastKnownFileType = text.plist.entitlements; path = Cactacea_Example.entitlements; sourceTree = "<group>"; };
		824BC48C21BCEDF30094841A /* OptionsViewController.swift */ = {isa = PBXFileReference; lastKnownFileType = sourcecode.swift; path = OptionsViewController.swift; sourceTree = "<group>"; };
		824BC48F21BD1E760094841A /* MyProfileViewController.swift */ = {isa = PBXFileReference; lastKnownFileType = sourcecode.swift; path = MyProfileViewController.swift; sourceTree = "<group>"; };
		824BC49121BD24E80094841A /* MyProfileHeaderReusableView.swift */ = {isa = PBXFileReference; fileEncoding = 4; lastKnownFileType = sourcecode.swift; path = MyProfileHeaderReusableView.swift; sourceTree = "<group>"; };
		824BC49321BD2DD00094841A /* ProfilePhotoCell.swift */ = {isa = PBXFileReference; fileEncoding = 4; lastKnownFileType = sourcecode.swift; path = ProfilePhotoCell.swift; sourceTree = "<group>"; };
		824BC49521BD3F8A0094841A /* AccountEditViewController.swift */ = {isa = PBXFileReference; fileEncoding = 4; lastKnownFileType = sourcecode.swift; path = AccountEditViewController.swift; sourceTree = "<group>"; };
		82968E0421C61EF30023A11E /* FollowersViewController.swift */ = {isa = PBXFileReference; lastKnownFileType = sourcecode.swift; path = FollowersViewController.swift; sourceTree = "<group>"; };
		82968E0621C61F000023A11E /* FollowerCell.swift */ = {isa = PBXFileReference; lastKnownFileType = sourcecode.swift; path = FollowerCell.swift; sourceTree = "<group>"; };
		82968E0921C62A4C0023A11E /* FriendsViewController.swift */ = {isa = PBXFileReference; lastKnownFileType = sourcecode.swift; path = FriendsViewController.swift; sourceTree = "<group>"; };
		82968E0B21C62A5A0023A11E /* FriendCell.swift */ = {isa = PBXFileReference; lastKnownFileType = sourcecode.swift; path = FriendCell.swift; sourceTree = "<group>"; };
		829857C521C5F14800D4773D /* RequestBuilder.swift */ = {isa = PBXFileReference; lastKnownFileType = sourcecode.swift; path = RequestBuilder.swift; sourceTree = "<group>"; };
		829857C821C5F74600D4773D /* FollowingUsersViewController.swift */ = {isa = PBXFileReference; lastKnownFileType = sourcecode.swift; path = FollowingUsersViewController.swift; sourceTree = "<group>"; };
		829857CA21C5F75800D4773D /* FollowingUserCell.swift */ = {isa = PBXFileReference; lastKnownFileType = sourcecode.swift; path = FollowingUserCell.swift; sourceTree = "<group>"; };
		829CF04121AC1CD400D5B5EB /* UIView+Extension.swift */ = {isa = PBXFileReference; lastKnownFileType = sourcecode.swift; path = "UIView+Extension.swift"; sourceTree = "<group>"; };
		829CF04C21AD6AC100D5B5EB /* SharePhotoController.swift */ = {isa = PBXFileReference; lastKnownFileType = sourcecode.swift; path = SharePhotoController.swift; sourceTree = "<group>"; };
		829CF04E21AD6B3600D5B5EB /* PlaceHolderTextView.swift */ = {isa = PBXFileReference; lastKnownFileType = sourcecode.swift; path = PlaceHolderTextView.swift; sourceTree = "<group>"; };
		829CF05321B5659F00D5B5EB /* FindFriendsViewController.swift */ = {isa = PBXFileReference; lastKnownFileType = sourcecode.swift; path = FindFriendsViewController.swift; sourceTree = "<group>"; };
		829CF05521B5745100D5B5EB /* FindFriendsCell.swift */ = {isa = PBXFileReference; lastKnownFileType = sourcecode.swift; path = FindFriendsCell.swift; sourceTree = "<group>"; };
		82AD415B21BFFF260023EF6C /* ReceivedFriendRequestsViewController.swift */ = {isa = PBXFileReference; lastKnownFileType = sourcecode.swift; path = ReceivedFriendRequestsViewController.swift; sourceTree = "<group>"; };
		82AD415C21BFFF260023EF6C /* ReceivedFriendRequestsCell.swift */ = {isa = PBXFileReference; lastKnownFileType = sourcecode.swift; path = ReceivedFriendRequestsCell.swift; sourceTree = "<group>"; };
		82AD416621C08EC60023EF6C /* ContactCell.swift */ = {isa = PBXFileReference; lastKnownFileType = sourcecode.swift; path = ContactCell.swift; sourceTree = "<group>"; };
		82AE928C21C6824500B34F50 /* ProfileViewController.swift */ = {isa = PBXFileReference; lastKnownFileType = sourcecode.swift; path = ProfileViewController.swift; sourceTree = "<group>"; };
		82AE928E21C6840400B34F50 /* ProfileHeaderReusableView.swift */ = {isa = PBXFileReference; lastKnownFileType = sourcecode.swift; path = ProfileHeaderReusableView.swift; sourceTree = "<group>"; };
		82AE929321C69D4B00B34F50 /* NotificationSettingsViewController.swift */ = {isa = PBXFileReference; lastKnownFileType = sourcecode.swift; path = NotificationSettingsViewController.swift; sourceTree = "<group>"; };
		82D4F2DB21EB224000F6BF5B /* ChatMessage.swift */ = {isa = PBXFileReference; lastKnownFileType = sourcecode.swift; path = ChatMessage.swift; sourceTree = "<group>"; };
		8C3BD379CA48ADD2A72E8FCF /* Pods-Cactacea_Tests.debug.xcconfig */ = {isa = PBXFileReference; includeInIndex = 1; lastKnownFileType = text.xcconfig; name = "Pods-Cactacea_Tests.debug.xcconfig"; path = "Pods/Target Support Files/Pods-Cactacea_Tests/Pods-Cactacea_Tests.debug.xcconfig"; sourceTree = "<group>"; };
		9A1C9CEFA1F069BCA9720392 /* Pods-Cactacea_Example.debug.xcconfig */ = {isa = PBXFileReference; includeInIndex = 1; lastKnownFileType = text.xcconfig; name = "Pods-Cactacea_Example.debug.xcconfig"; path = "Pods/Target Support Files/Pods-Cactacea_Example/Pods-Cactacea_Example.debug.xcconfig"; sourceTree = "<group>"; };
		A2BE60797CBD5595B288348F /* Pods-Cactacea_Example.release.xcconfig */ = {isa = PBXFileReference; includeInIndex = 1; lastKnownFileType = text.xcconfig; name = "Pods-Cactacea_Example.release.xcconfig"; path = "Pods/Target Support Files/Pods-Cactacea_Example/Pods-Cactacea_Example.release.xcconfig"; sourceTree = "<group>"; };
		C27A1CD5822A6AFDFD43F685 /* LICENSE */ = {isa = PBXFileReference; includeInIndex = 1; lastKnownFileType = text; name = LICENSE; path = ../LICENSE; sourceTree = "<group>"; };
		FBEBA9AA30F9578A649DA580 /* Pods-Cactacea_Tests.release.xcconfig */ = {isa = PBXFileReference; includeInIndex = 1; lastKnownFileType = text.xcconfig; name = "Pods-Cactacea_Tests.release.xcconfig"; path = "Pods/Target Support Files/Pods-Cactacea_Tests/Pods-Cactacea_Tests.release.xcconfig"; sourceTree = "<group>"; };
/* End PBXFileReference section */

/* Begin PBXFrameworksBuildPhase section */
		607FACCD1AFB9204008FA782 /* Frameworks */ = {
			isa = PBXFrameworksBuildPhase;
			buildActionMask = 2147483647;
			files = (
				A30072B50BFA31CA9C144705 /* Pods_Cactacea_Example.framework in Frameworks */,
			);
			runOnlyForDeploymentPostprocessing = 0;
		};
		607FACE21AFB9204008FA782 /* Frameworks */ = {
			isa = PBXFrameworksBuildPhase;
			buildActionMask = 2147483647;
			files = (
				14F7CBA3749D7243E9CB0AEE /* Pods_Cactacea_Tests.framework in Frameworks */,
			);
			runOnlyForDeploymentPostprocessing = 0;
		};
		8246C6E8221120230048C3F8 /* Frameworks */ = {
			isa = PBXFrameworksBuildPhase;
			buildActionMask = 2147483647;
			files = (
				4F743BEA121144A5D9A9D0F8 /* Pods_OneSignalNotificationServiceExtension.framework in Frameworks */,
			);
			runOnlyForDeploymentPostprocessing = 0;
		};
/* End PBXFrameworksBuildPhase section */

/* Begin PBXGroup section */
		563D5459FA527B9BE0CD3E91 /* Frameworks */ = {
			isa = PBXGroup;
			children = (
				5E62A8AEF46FEDBB34C8B0FF /* Pods_Cactacea_Example.framework */,
				61D4AC9D02D6B909014F6C62 /* Pods_Cactacea_Tests.framework */,
				0995E7C1252E3E1BFE3B8EF2 /* Pods_OneSignalNotificationServiceExtension.framework */,
			);
			name = Frameworks;
			sourceTree = "<group>";
		};
		607FACC71AFB9204008FA782 = {
			isa = PBXGroup;
			children = (
				8246C6F72211221A0048C3F8 /* Cactacea_Example.entitlements */,
				607FACF51AFB993E008FA782 /* Podspec Metadata */,
				607FACD21AFB9204008FA782 /* Example for Cactacea */,
				607FACE81AFB9204008FA782 /* Tests */,
				8246C6EC221120230048C3F8 /* OneSignalNotificationServiceExtension */,
				607FACD11AFB9204008FA782 /* Products */,
				76F640F4EC70E340D9F43922 /* Pods */,
				563D5459FA527B9BE0CD3E91 /* Frameworks */,
			);
			sourceTree = "<group>";
		};
		607FACD11AFB9204008FA782 /* Products */ = {
			isa = PBXGroup;
			children = (
				607FACD01AFB9204008FA782 /* Cactacea_Example.app */,
				607FACE51AFB9204008FA782 /* Cactacea_Tests.xctest */,
				8246C6EB221120230048C3F8 /* OneSignalNotificationServiceExtension.appex */,
			);
			name = Products;
			sourceTree = "<group>";
		};
		607FACD21AFB9204008FA782 /* Example for Cactacea */ = {
			isa = PBXGroup;
			children = (
				829857C421C5F12D00D4773D /* Models */,
				820FE83821AC0E32001097F5 /* ViewControllers */,
				607FACD51AFB9204008FA782 /* AppDelegate.swift */,
				607FACD71AFB9204008FA782 /* ViewController.swift */,
				607FACD91AFB9204008FA782 /* Main.storyboard */,
				820FE83421AA63DE001097F5 /* Images.xcassets */,
				8232368421CF3E220086F4CB /* Assets.xcassets */,
				607FACDE1AFB9204008FA782 /* LaunchScreen.xib */,
				607FACD31AFB9204008FA782 /* Supporting Files */,
			);
			name = "Example for Cactacea";
			path = Cactacea;
			sourceTree = "<group>";
		};
		607FACD31AFB9204008FA782 /* Supporting Files */ = {
			isa = PBXGroup;
			children = (
				607FACD41AFB9204008FA782 /* Info.plist */,
			);
			name = "Supporting Files";
			sourceTree = "<group>";
		};
		607FACE81AFB9204008FA782 /* Tests */ = {
			isa = PBXGroup;
			children = (
				607FACEB1AFB9204008FA782 /* Tests.swift */,
				607FACE91AFB9204008FA782 /* Supporting Files */,
			);
			path = Tests;
			sourceTree = "<group>";
		};
		607FACE91AFB9204008FA782 /* Supporting Files */ = {
			isa = PBXGroup;
			children = (
				607FACEA1AFB9204008FA782 /* Info.plist */,
			);
			name = "Supporting Files";
			sourceTree = "<group>";
		};
		607FACF51AFB993E008FA782 /* Podspec Metadata */ = {
			isa = PBXGroup;
			children = (
				0FFDC0C75D3B2699EA7E82BD /* Cactacea.podspec */,
				0AD96C988D040B5CFF2ED824 /* README.md */,
				C27A1CD5822A6AFDFD43F685 /* LICENSE */,
			);
			name = "Podspec Metadata";
			sourceTree = "<group>";
		};
		76F640F4EC70E340D9F43922 /* Pods */ = {
			isa = PBXGroup;
			children = (
				9A1C9CEFA1F069BCA9720392 /* Pods-Cactacea_Example.debug.xcconfig */,
				A2BE60797CBD5595B288348F /* Pods-Cactacea_Example.release.xcconfig */,
				8C3BD379CA48ADD2A72E8FCF /* Pods-Cactacea_Tests.debug.xcconfig */,
				FBEBA9AA30F9578A649DA580 /* Pods-Cactacea_Tests.release.xcconfig */,
				0E41770087A92E553CDE03AC /* Pods-OneSignalNotificationServiceExtension.debug.xcconfig */,
				0A5EDE39FF451A62B67D2C43 /* Pods-OneSignalNotificationServiceExtension.release.xcconfig */,
			);
			name = Pods;
			sourceTree = "<group>";
		};
		8209B07721CBDE70003C5D2B /* AccountEdit */ = {
			isa = PBXGroup;
			children = (
				824BC49521BD3F8A0094841A /* AccountEditViewController.swift */,
			);
			name = AccountEdit;
			sourceTree = "<group>";
		};
		820EE91C21C49F9500B1CDE2 /* Paginator */ = {
			isa = PBXGroup;
			children = (
				820EE92921C5502100B1CDE2 /* Pager.swift */,
				820EE91A21C49F2700B1CDE2 /* PageFooterView.swift */,
			);
			name = Paginator;
			sourceTree = "<group>";
		};
		820EE92B21C5BD7100B1CDE2 /* RequestsSent */ = {
			isa = PBXGroup;
			children = (
				820EE92C21C5BD9700B1CDE2 /* FriendRequetsSentViewController.swift */,
				820EE92E21C5BDB000B1CDE2 /* FriendRequetsSentCell.swift */,
			);
			name = RequestsSent;
			sourceTree = "<group>";
		};
		820EE93021C5C11700B1CDE2 /* BlockingUsers */ = {
			isa = PBXGroup;
			children = (
				820EE93121C5C14400B1CDE2 /* BlockingUsersViewControlller.swift */,
				820EE93321C5C15A00B1CDE2 /* BlockingUserCell.swift */,
			);
			name = BlockingUsers;
			sourceTree = "<group>";
		};
		820FE83821AC0E32001097F5 /* ViewControllers */ = {
			isa = PBXGroup;
			children = (
				8232366D21CF398D0086F4CB /* Chat */,
				82AE929021C69CFF00B34F50 /* NotificationSetting */,
				82AE928B21C6823300B34F50 /* Profile */,
				82968E0821C629650023A11E /* Friends */,
				82968E0321C61EDF0023A11E /* Followers */,
				829857C721C5F72400D4773D /* FollowingUsers */,
				820EE93021C5C11700B1CDE2 /* BlockingUsers */,
				820EE92B21C5BD7100B1CDE2 /* RequestsSent */,
				82AD415921BFFEE50023EF6C /* ReceivedFriendRequests */,
				824BC48E21BD1E470094841A /* MyProfile */,
				824BC48B21BCEDAB0094841A /* Menu */,
				829CF05121AD801C00D5B5EB /* Top */,
				829CF05021AD800900D5B5EB /* Post */,
				829CF05221AD802600D5B5EB /* Contact */,
				821ED8F921BFEEB100A9B242 /* FindFriend */,
				82112B7D21BB59ED00F2C54B /* Feed */,
				82112B8221BB912E00F2C54B /* Comment */,
				8209B07721CBDE70003C5D2B /* AccountEdit */,
				821ED8F821BFED4000A9B242 /* ProfileEdit */,
			);
			name = ViewControllers;
			sourceTree = "<group>";
		};
		82112B7D21BB59ED00F2C54B /* Feed */ = {
			isa = PBXGroup;
			children = (
				82112B7E21BB5A0B00F2C54B /* FeedsViewController.swift */,
				82112B8021BB5A2700F2C54B /* FeedCell.swift */,
			);
			name = Feed;
			sourceTree = "<group>";
		};
		82112B8221BB912E00F2C54B /* Comment */ = {
			isa = PBXGroup;
			children = (
				82112B8321BB926600F2C54B /* CommentsViewController.swift */,
				82112B8521BB934D00F2C54B /* CommentCell.swift */,
			);
			name = Comment;
			sourceTree = "<group>";
		};
		821ED8F821BFED4000A9B242 /* ProfileEdit */ = {
			isa = PBXGroup;
			children = (
				8209B07821CBDE98003C5D2B /* ProfileEditViewController.swift */,
			);
			name = ProfileEdit;
			sourceTree = "<group>";
		};
		821ED8F921BFEEB100A9B242 /* FindFriend */ = {
			isa = PBXGroup;
			children = (
				829CF05321B5659F00D5B5EB /* FindFriendsViewController.swift */,
				829CF05521B5745100D5B5EB /* FindFriendsCell.swift */,
			);
			name = FindFriend;
			sourceTree = "<group>";
		};
		8232366D21CF398D0086F4CB /* Chat */ = {
			isa = PBXGroup;
			children = (
				8232366E21CF39AC0086F4CB /* ChatViewController.swift */,
				8232367821CF3A300086F4CB /* UIColor+Extensions.swift */,
				8232367921CF3A300086F4CB /* UIViewController+Extensions.swift */,
				8232368021CF3A680086F4CB /* Settings+UserDefaults.swift */,
				82D4F2DB21EB224000F6BF5B /* ChatMessage.swift */,
			);
			name = Chat;
			sourceTree = "<group>";
		};
		8246C6EC221120230048C3F8 /* OneSignalNotificationServiceExtension */ = {
			isa = PBXGroup;
			children = (
				8246C6ED221120230048C3F8 /* NotificationService.swift */,
				8246C6EF221120230048C3F8 /* Info.plist */,
			);
			path = OneSignalNotificationServiceExtension;
			sourceTree = "<group>";
		};
		824BC48B21BCEDAB0094841A /* Menu */ = {
			isa = PBXGroup;
			children = (
				824BC48C21BCEDF30094841A /* OptionsViewController.swift */,
			);
			name = Menu;
			sourceTree = "<group>";
		};
		824BC48E21BD1E470094841A /* MyProfile */ = {
			isa = PBXGroup;
			children = (
				824BC48F21BD1E760094841A /* MyProfileViewController.swift */,
				824BC49121BD24E80094841A /* MyProfileHeaderReusableView.swift */,
				824BC49321BD2DD00094841A /* ProfilePhotoCell.swift */,
			);
			name = MyProfile;
			sourceTree = "<group>";
		};
		82968E0321C61EDF0023A11E /* Followers */ = {
			isa = PBXGroup;
			children = (
				82968E0421C61EF30023A11E /* FollowersViewController.swift */,
				82968E0621C61F000023A11E /* FollowerCell.swift */,
			);
			name = Followers;
			sourceTree = "<group>";
		};
		82968E0821C629650023A11E /* Friends */ = {
			isa = PBXGroup;
			children = (
				82968E0921C62A4C0023A11E /* FriendsViewController.swift */,
				82968E0B21C62A5A0023A11E /* FriendCell.swift */,
			);
			name = Friends;
			sourceTree = "<group>";
		};
		829857C421C5F12D00D4773D /* Models */ = {
			isa = PBXGroup;
			children = (
				820EE91C21C49F9500B1CDE2 /* Paginator */,
				829CF04521AD5E4000D5B5EB /* Extensions */,
				829857C521C5F14800D4773D /* RequestBuilder.swift */,
				820FE83621AC0CE0001097F5 /* Session.swift */,
			);
			name = Models;
			sourceTree = "<group>";
		};
		829857C721C5F72400D4773D /* FollowingUsers */ = {
			isa = PBXGroup;
			children = (
				829857C821C5F74600D4773D /* FollowingUsersViewController.swift */,
				829857CA21C5F75800D4773D /* FollowingUserCell.swift */,
			);
			name = FollowingUsers;
			sourceTree = "<group>";
		};
		829CF04521AD5E4000D5B5EB /* Extensions */ = {
			isa = PBXGroup;
			children = (
				829CF04121AC1CD400D5B5EB /* UIView+Extension.swift */,
				821B279121D26C6800F4F42E /* UIAlertController+Extension.swift */,
				821B278F21D26C4C00F4F42E /* UIScrollView+Extension.swift */,
				829CF04E21AD6B3600D5B5EB /* PlaceHolderTextView.swift */,
				821B278B21D26BBC00F4F42E /* Message+Extension.swift */,
				821B278D21D26C1300F4F42E /* Medium+Extension.swift */,
				821B279321D26C8E00F4F42E /* MediumsAPI+Extension.swift */,
				821B279521D26CB300F4F42E /* UIButton+Extension.swift */,
				821B279721D26CD400F4F42E /* UIBarButtonItem+Extension.swift */,
				821B279921D26D0300F4F42E /* Date+Extension.swift */,
				821B279B21D26D1B00F4F42E /* UIColor+Extension.swift */,
				821B279D21D26D4600F4F42E /* NSNotification+Extension.swift */,
			);
			name = Extensions;
			sourceTree = "<group>";
		};
		829CF05021AD800900D5B5EB /* Post */ = {
			isa = PBXGroup;
			children = (
				829CF04C21AD6AC100D5B5EB /* SharePhotoController.swift */,
			);
			name = Post;
			sourceTree = "<group>";
		};
		829CF05121AD801C00D5B5EB /* Top */ = {
			isa = PBXGroup;
			children = (
				820FE83921AC0E6C001097F5 /* MainController.swift */,
				820FE83D21AC0F11001097F5 /* SignInViewController.swift */,
				820FE83B21AC0EEC001097F5 /* SignUpViewController.swift */,
			);
			name = Top;
			sourceTree = "<group>";
		};
		829CF05221AD802600D5B5EB /* Contact */ = {
			isa = PBXGroup;
			children = (
				820FE83F21AC0F45001097F5 /* ContactViewController.swift */,
				82AD416621C08EC60023EF6C /* ContactCell.swift */,
			);
			name = Contact;
			sourceTree = "<group>";
		};
		82AD415921BFFEE50023EF6C /* ReceivedFriendRequests */ = {
			isa = PBXGroup;
			children = (
				82AD415B21BFFF260023EF6C /* ReceivedFriendRequestsViewController.swift */,
				82AD415C21BFFF260023EF6C /* ReceivedFriendRequestsCell.swift */,
			);
			name = ReceivedFriendRequests;
			sourceTree = "<group>";
		};
		82AE928B21C6823300B34F50 /* Profile */ = {
			isa = PBXGroup;
			children = (
				82AE928C21C6824500B34F50 /* ProfileViewController.swift */,
				82AE928E21C6840400B34F50 /* ProfileHeaderReusableView.swift */,
			);
			name = Profile;
			sourceTree = "<group>";
		};
		82AE929021C69CFF00B34F50 /* NotificationSetting */ = {
			isa = PBXGroup;
			children = (
				82AE929321C69D4B00B34F50 /* NotificationSettingsViewController.swift */,
			);
			name = NotificationSetting;
			sourceTree = "<group>";
		};
/* End PBXGroup section */

/* Begin PBXNativeTarget section */
		607FACCF1AFB9204008FA782 /* Cactacea_Example */ = {
			isa = PBXNativeTarget;
			buildConfigurationList = 607FACEF1AFB9204008FA782 /* Build configuration list for PBXNativeTarget "Cactacea_Example" */;
			buildPhases = (
				E26788E382B2608BFC6D64B0 /* [CP] Check Pods Manifest.lock */,
				607FACCC1AFB9204008FA782 /* Sources */,
				607FACCD1AFB9204008FA782 /* Frameworks */,
				607FACCE1AFB9204008FA782 /* Resources */,
				D2194CEEDE91D559001FDC87 /* [CP] Embed Pods Frameworks */,
				8246C6F6221120230048C3F8 /* Embed App Extensions */,
			);
			buildRules = (
			);
			dependencies = (
				8246C6F1221120230048C3F8 /* PBXTargetDependency */,
			);
			name = Cactacea_Example;
			productName = Cactacea;
			productReference = 607FACD01AFB9204008FA782 /* Cactacea_Example.app */;
			productType = "com.apple.product-type.application";
		};
		607FACE41AFB9204008FA782 /* Cactacea_Tests */ = {
			isa = PBXNativeTarget;
			buildConfigurationList = 607FACF21AFB9204008FA782 /* Build configuration list for PBXNativeTarget "Cactacea_Tests" */;
			buildPhases = (
				D0BF220F6C34F30F3873D227 /* [CP] Check Pods Manifest.lock */,
				607FACE11AFB9204008FA782 /* Sources */,
				607FACE21AFB9204008FA782 /* Frameworks */,
				607FACE31AFB9204008FA782 /* Resources */,
				A93296154464DBF6D2D4CC07 /* [CP] Embed Pods Frameworks */,
			);
			buildRules = (
			);
			dependencies = (
				607FACE71AFB9204008FA782 /* PBXTargetDependency */,
			);
			name = Cactacea_Tests;
			productName = Tests;
			productReference = 607FACE51AFB9204008FA782 /* Cactacea_Tests.xctest */;
			productType = "com.apple.product-type.bundle.unit-test";
		};
		8246C6EA221120230048C3F8 /* OneSignalNotificationServiceExtension */ = {
			isa = PBXNativeTarget;
			buildConfigurationList = 8246C6F5221120230048C3F8 /* Build configuration list for PBXNativeTarget "OneSignalNotificationServiceExtension" */;
			buildPhases = (
				02B50F97DFE1725B73B35B65 /* [CP] Check Pods Manifest.lock */,
				8246C6E7221120230048C3F8 /* Sources */,
				8246C6E8221120230048C3F8 /* Frameworks */,
				8246C6E9221120230048C3F8 /* Resources */,
			);
			buildRules = (
			);
			dependencies = (
			);
			name = OneSignalNotificationServiceExtension;
			productName = OneSignalNotificationServiceExtension;
			productReference = 8246C6EB221120230048C3F8 /* OneSignalNotificationServiceExtension.appex */;
			productType = "com.apple.product-type.app-extension";
		};
/* End PBXNativeTarget section */

/* Begin PBXProject section */
		607FACC81AFB9204008FA782 /* Project object */ = {
			isa = PBXProject;
			attributes = {
				LastSwiftUpdateCheck = 1010;
				LastUpgradeCheck = 1010;
				ORGANIZATIONNAME = Cactacea;
				TargetAttributes = {
					607FACCF1AFB9204008FA782 = {
						CreatedOnToolsVersion = 6.3.1;
						DevelopmentTeam = AV2D28Q4FY;
						LastSwiftMigration = 1010;
						SystemCapabilities = {
							com.apple.BackgroundModes = {
								enabled = 1;
							};
							com.apple.Push = {
								enabled = 1;
							};
						};
					};
					607FACE41AFB9204008FA782 = {
						CreatedOnToolsVersion = 6.3.1;
						DevelopmentTeam = AV2D28Q4FY;
						LastSwiftMigration = 1010;
						TestTargetID = 607FACCF1AFB9204008FA782;
					};
					8246C6EA221120230048C3F8 = {
						CreatedOnToolsVersion = 10.1;
						DevelopmentTeam = AV2D28Q4FY;
						ProvisioningStyle = Automatic;
					};
				};
			};
			buildConfigurationList = 607FACCB1AFB9204008FA782 /* Build configuration list for PBXProject "Cactacea" */;
			compatibilityVersion = "Xcode 3.2";
			developmentRegion = English;
			hasScannedForEncodings = 0;
			knownRegions = (
				en,
				Base,
			);
			mainGroup = 607FACC71AFB9204008FA782;
			productRefGroup = 607FACD11AFB9204008FA782 /* Products */;
			projectDirPath = "";
			projectRoot = "";
			targets = (
				607FACCF1AFB9204008FA782 /* Cactacea_Example */,
				607FACE41AFB9204008FA782 /* Cactacea_Tests */,
				8246C6EA221120230048C3F8 /* OneSignalNotificationServiceExtension */,
			);
		};
/* End PBXProject section */

/* Begin PBXResourcesBuildPhase section */
		607FACCE1AFB9204008FA782 /* Resources */ = {
			isa = PBXResourcesBuildPhase;
			buildActionMask = 2147483647;
			files = (
				607FACDB1AFB9204008FA782 /* Main.storyboard in Resources */,
				607FACE01AFB9204008FA782 /* LaunchScreen.xib in Resources */,
				8232368521CF3E220086F4CB /* Assets.xcassets in Resources */,
				820FE83521AA63DE001097F5 /* Images.xcassets in Resources */,
			);
			runOnlyForDeploymentPostprocessing = 0;
		};
		607FACE31AFB9204008FA782 /* Resources */ = {
			isa = PBXResourcesBuildPhase;
			buildActionMask = 2147483647;
			files = (
			);
			runOnlyForDeploymentPostprocessing = 0;
		};
		8246C6E9221120230048C3F8 /* Resources */ = {
			isa = PBXResourcesBuildPhase;
			buildActionMask = 2147483647;
			files = (
			);
			runOnlyForDeploymentPostprocessing = 0;
		};
/* End PBXResourcesBuildPhase section */

/* Begin PBXShellScriptBuildPhase section */
		02B50F97DFE1725B73B35B65 /* [CP] Check Pods Manifest.lock */ = {
			isa = PBXShellScriptBuildPhase;
			buildActionMask = 2147483647;
			files = (
			);
			inputFileListPaths = (
			);
			inputPaths = (
				"${PODS_PODFILE_DIR_PATH}/Podfile.lock",
				"${PODS_ROOT}/Manifest.lock",
			);
			name = "[CP] Check Pods Manifest.lock";
			outputFileListPaths = (
			);
			outputPaths = (
				"$(DERIVED_FILE_DIR)/Pods-OneSignalNotificationServiceExtension-checkManifestLockResult.txt",
			);
			runOnlyForDeploymentPostprocessing = 0;
			shellPath = /bin/sh;
			shellScript = "diff \"${PODS_PODFILE_DIR_PATH}/Podfile.lock\" \"${PODS_ROOT}/Manifest.lock\" > /dev/null\nif [ $? != 0 ] ; then\n    # print error to STDERR\n    echo \"error: The sandbox is not in sync with the Podfile.lock. Run 'pod install' or update your CocoaPods installation.\" >&2\n    exit 1\nfi\n# This output is used by Xcode 'outputs' to avoid re-running this script phase.\necho \"SUCCESS\" > \"${SCRIPT_OUTPUT_FILE_0}\"\n";
			showEnvVarsInLog = 0;
		};
		A93296154464DBF6D2D4CC07 /* [CP] Embed Pods Frameworks */ = {
			isa = PBXShellScriptBuildPhase;
			buildActionMask = 2147483647;
			files = (
			);
			inputFileListPaths = (
			);
			inputPaths = (
				"${SRCROOT}/Pods/Target Support Files/Pods-Cactacea_Tests/Pods-Cactacea_Tests-frameworks.sh",
				"${BUILT_PRODUCTS_DIR}/Nimble/Nimble.framework",
				"${BUILT_PRODUCTS_DIR}/Quick/Quick.framework",
			);
			name = "[CP] Embed Pods Frameworks";
			outputFileListPaths = (
			);
			outputPaths = (
				"${TARGET_BUILD_DIR}/${FRAMEWORKS_FOLDER_PATH}/Nimble.framework",
				"${TARGET_BUILD_DIR}/${FRAMEWORKS_FOLDER_PATH}/Quick.framework",
			);
			runOnlyForDeploymentPostprocessing = 0;
			shellPath = /bin/sh;
			shellScript = "\"${SRCROOT}/Pods/Target Support Files/Pods-Cactacea_Tests/Pods-Cactacea_Tests-frameworks.sh\"\n";
			showEnvVarsInLog = 0;
		};
		D0BF220F6C34F30F3873D227 /* [CP] Check Pods Manifest.lock */ = {
			isa = PBXShellScriptBuildPhase;
			buildActionMask = 2147483647;
			files = (
			);
			inputFileListPaths = (
			);
			inputPaths = (
				"${PODS_PODFILE_DIR_PATH}/Podfile.lock",
				"${PODS_ROOT}/Manifest.lock",
			);
			name = "[CP] Check Pods Manifest.lock";
			outputFileListPaths = (
			);
			outputPaths = (
				"$(DERIVED_FILE_DIR)/Pods-Cactacea_Tests-checkManifestLockResult.txt",
			);
			runOnlyForDeploymentPostprocessing = 0;
			shellPath = /bin/sh;
			shellScript = "diff \"${PODS_PODFILE_DIR_PATH}/Podfile.lock\" \"${PODS_ROOT}/Manifest.lock\" > /dev/null\nif [ $? != 0 ] ; then\n    # print error to STDERR\n    echo \"error: The sandbox is not in sync with the Podfile.lock. Run 'pod install' or update your CocoaPods installation.\" >&2\n    exit 1\nfi\n# This output is used by Xcode 'outputs' to avoid re-running this script phase.\necho \"SUCCESS\" > \"${SCRIPT_OUTPUT_FILE_0}\"\n";
			showEnvVarsInLog = 0;
		};
		D2194CEEDE91D559001FDC87 /* [CP] Embed Pods Frameworks */ = {
			isa = PBXShellScriptBuildPhase;
			buildActionMask = 2147483647;
			files = (
			);
			inputFileListPaths = (
			);
			inputPaths = (
				"${SRCROOT}/Pods/Target Support Files/Pods-Cactacea_Example/Pods-Cactacea_Example-frameworks.sh",
				"${BUILT_PRODUCTS_DIR}/ActiveLabel/ActiveLabel.framework",
				"${BUILT_PRODUCTS_DIR}/Alamofire/Alamofire.framework",
				"${BUILT_PRODUCTS_DIR}/AlamofireImage/AlamofireImage.framework",
				"${BUILT_PRODUCTS_DIR}/Cactacea/Cactacea.framework",
				"${BUILT_PRODUCTS_DIR}/KeychainAccess/KeychainAccess.framework",
				"${BUILT_PRODUCTS_DIR}/MessageInputBar/MessageInputBar.framework",
				"${BUILT_PRODUCTS_DIR}/MessageKit/MessageKit.framework",
				"${BUILT_PRODUCTS_DIR}/PryntTrimmerView/PryntTrimmerView.framework",
				"${BUILT_PRODUCTS_DIR}/RxAtomic/RxAtomic.framework",
				"${BUILT_PRODUCTS_DIR}/RxCocoa/RxCocoa.framework",
				"${BUILT_PRODUCTS_DIR}/RxSwift/RxSwift.framework",
				"${BUILT_PRODUCTS_DIR}/Starscream/Starscream.framework",
				"${BUILT_PRODUCTS_DIR}/SteviaLayout/Stevia.framework",
				"${BUILT_PRODUCTS_DIR}/SwiftDate/SwiftDate.framework",
				"${BUILT_PRODUCTS_DIR}/YPImagePicker/YPImagePicker.framework",
			);
			name = "[CP] Embed Pods Frameworks";
			outputFileListPaths = (
			);
			outputPaths = (
				"${TARGET_BUILD_DIR}/${FRAMEWORKS_FOLDER_PATH}/ActiveLabel.framework",
				"${TARGET_BUILD_DIR}/${FRAMEWORKS_FOLDER_PATH}/Alamofire.framework",
				"${TARGET_BUILD_DIR}/${FRAMEWORKS_FOLDER_PATH}/AlamofireImage.framework",
				"${TARGET_BUILD_DIR}/${FRAMEWORKS_FOLDER_PATH}/Cactacea.framework",
				"${TARGET_BUILD_DIR}/${FRAMEWORKS_FOLDER_PATH}/KeychainAccess.framework",
				"${TARGET_BUILD_DIR}/${FRAMEWORKS_FOLDER_PATH}/MessageInputBar.framework",
				"${TARGET_BUILD_DIR}/${FRAMEWORKS_FOLDER_PATH}/MessageKit.framework",
				"${TARGET_BUILD_DIR}/${FRAMEWORKS_FOLDER_PATH}/PryntTrimmerView.framework",
				"${TARGET_BUILD_DIR}/${FRAMEWORKS_FOLDER_PATH}/RxAtomic.framework",
				"${TARGET_BUILD_DIR}/${FRAMEWORKS_FOLDER_PATH}/RxCocoa.framework",
				"${TARGET_BUILD_DIR}/${FRAMEWORKS_FOLDER_PATH}/RxSwift.framework",
				"${TARGET_BUILD_DIR}/${FRAMEWORKS_FOLDER_PATH}/Starscream.framework",
				"${TARGET_BUILD_DIR}/${FRAMEWORKS_FOLDER_PATH}/Stevia.framework",
				"${TARGET_BUILD_DIR}/${FRAMEWORKS_FOLDER_PATH}/SwiftDate.framework",
				"${TARGET_BUILD_DIR}/${FRAMEWORKS_FOLDER_PATH}/YPImagePicker.framework",
			);
			runOnlyForDeploymentPostprocessing = 0;
			shellPath = /bin/sh;
			shellScript = "\"${SRCROOT}/Pods/Target Support Files/Pods-Cactacea_Example/Pods-Cactacea_Example-frameworks.sh\"\n";
			showEnvVarsInLog = 0;
		};
		E26788E382B2608BFC6D64B0 /* [CP] Check Pods Manifest.lock */ = {
			isa = PBXShellScriptBuildPhase;
			buildActionMask = 2147483647;
			files = (
			);
			inputFileListPaths = (
			);
			inputPaths = (
				"${PODS_PODFILE_DIR_PATH}/Podfile.lock",
				"${PODS_ROOT}/Manifest.lock",
			);
			name = "[CP] Check Pods Manifest.lock";
			outputFileListPaths = (
			);
			outputPaths = (
				"$(DERIVED_FILE_DIR)/Pods-Cactacea_Example-checkManifestLockResult.txt",
			);
			runOnlyForDeploymentPostprocessing = 0;
			shellPath = /bin/sh;
			shellScript = "diff \"${PODS_PODFILE_DIR_PATH}/Podfile.lock\" \"${PODS_ROOT}/Manifest.lock\" > /dev/null\nif [ $? != 0 ] ; then\n    # print error to STDERR\n    echo \"error: The sandbox is not in sync with the Podfile.lock. Run 'pod install' or update your CocoaPods installation.\" >&2\n    exit 1\nfi\n# This output is used by Xcode 'outputs' to avoid re-running this script phase.\necho \"SUCCESS\" > \"${SCRIPT_OUTPUT_FILE_0}\"\n";
			showEnvVarsInLog = 0;
		};
/* End PBXShellScriptBuildPhase section */

/* Begin PBXSourcesBuildPhase section */
		607FACCC1AFB9204008FA782 /* Sources */ = {
			isa = PBXSourcesBuildPhase;
			buildActionMask = 2147483647;
			files = (
				820EE92D21C5BD9700B1CDE2 /* FriendRequetsSentViewController.swift in Sources */,
				821B278C21D26BBC00F4F42E /* Message+Extension.swift in Sources */,
				8209B07921CBDE98003C5D2B /* ProfileEditViewController.swift in Sources */,
				821B279C21D26D1B00F4F42E /* UIColor+Extension.swift in Sources */,
				82AD415D21C001590023EF6C /* ReceivedFriendRequestsViewController.swift in Sources */,
				82AD415E21C001590023EF6C /* ReceivedFriendRequestsCell.swift in Sources */,
				824BC49621BD3F8A0094841A /* AccountEditViewController.swift in Sources */,
				824BC49221BD24E80094841A /* MyProfileHeaderReusableView.swift in Sources */,
				821B279021D26C4C00F4F42E /* UIScrollView+Extension.swift in Sources */,
				824BC49421BD2DD00094841A /* ProfilePhotoCell.swift in Sources */,
				821B279A21D26D0300F4F42E /* Date+Extension.swift in Sources */,
				820FE83A21AC0E6C001097F5 /* MainController.swift in Sources */,
				82968E0721C61F000023A11E /* FollowerCell.swift in Sources */,
				607FACD81AFB9204008FA782 /* ViewController.swift in Sources */,
				821B279821D26CD400F4F42E /* UIBarButtonItem+Extension.swift in Sources */,
				8232366F21CF39AC0086F4CB /* ChatViewController.swift in Sources */,
				82968E0521C61EF30023A11E /* FollowersViewController.swift in Sources */,
				829CF05621B5745100D5B5EB /* FindFriendsCell.swift in Sources */,
				821B279421D26C8E00F4F42E /* MediumsAPI+Extension.swift in Sources */,
				820FE83E21AC0F11001097F5 /* SignInViewController.swift in Sources */,
				829CF04F21AD6B3600D5B5EB /* PlaceHolderTextView.swift in Sources */,
				82112B8421BB926600F2C54B /* CommentsViewController.swift in Sources */,
				824BC49021BD1E760094841A /* MyProfileViewController.swift in Sources */,
				821B279621D26CB300F4F42E /* UIButton+Extension.swift in Sources */,
				820EE91B21C49F2700B1CDE2 /* PageFooterView.swift in Sources */,
				82AE928F21C6840400B34F50 /* ProfileHeaderReusableView.swift in Sources */,
				824BC48D21BCEDF30094841A /* OptionsViewController.swift in Sources */,
				829CF04D21AD6AC100D5B5EB /* SharePhotoController.swift in Sources */,
				829CF04221AC1CD400D5B5EB /* UIView+Extension.swift in Sources */,
				820EE93421C5C15A00B1CDE2 /* BlockingUserCell.swift in Sources */,
				82112B7F21BB5A0B00F2C54B /* FeedsViewController.swift in Sources */,
				607FACD61AFB9204008FA782 /* AppDelegate.swift in Sources */,
				821B278E21D26C1300F4F42E /* Medium+Extension.swift in Sources */,
				820FE84021AC0F45001097F5 /* ContactViewController.swift in Sources */,
				821B279221D26C6800F4F42E /* UIAlertController+Extension.swift in Sources */,
				820EE92A21C5502100B1CDE2 /* Pager.swift in Sources */,
				8232367B21CF3A300086F4CB /* UIViewController+Extensions.swift in Sources */,
				829857CB21C5F75800D4773D /* FollowingUserCell.swift in Sources */,
				82AE929421C69D4B00B34F50 /* NotificationSettingsViewController.swift in Sources */,
				820EE92F21C5BDB000B1CDE2 /* FriendRequetsSentCell.swift in Sources */,
				820FE83721AC0CE0001097F5 /* Session.swift in Sources */,
				82AD416721C08EC60023EF6C /* ContactCell.swift in Sources */,
				8232367A21CF3A300086F4CB /* UIColor+Extensions.swift in Sources */,
				82AE928D21C6824500B34F50 /* ProfileViewController.swift in Sources */,
				82968E0A21C62A4C0023A11E /* FriendsViewController.swift in Sources */,
				82112B8121BB5A2700F2C54B /* FeedCell.swift in Sources */,
				82112B8621BB934D00F2C54B /* CommentCell.swift in Sources */,
				8232368121CF3A690086F4CB /* Settings+UserDefaults.swift in Sources */,
				829857C921C5F74600D4773D /* FollowingUsersViewController.swift in Sources */,
				82D4F2DC21EB224000F6BF5B /* ChatMessage.swift in Sources */,
				829857C621C5F14800D4773D /* RequestBuilder.swift in Sources */,
				82968E0C21C62A5A0023A11E /* FriendCell.swift in Sources */,
				821B279E21D26D4600F4F42E /* NSNotification+Extension.swift in Sources */,
				820EE93221C5C14400B1CDE2 /* BlockingUsersViewControlller.swift in Sources */,
				820FE83C21AC0EEC001097F5 /* SignUpViewController.swift in Sources */,
				829CF05421B565A000D5B5EB /* FindFriendsViewController.swift in Sources */,
			);
			runOnlyForDeploymentPostprocessing = 0;
		};
		607FACE11AFB9204008FA782 /* Sources */ = {
			isa = PBXSourcesBuildPhase;
			buildActionMask = 2147483647;
			files = (
				607FACEC1AFB9204008FA782 /* Tests.swift in Sources */,
			);
			runOnlyForDeploymentPostprocessing = 0;
		};
		8246C6E7221120230048C3F8 /* Sources */ = {
			isa = PBXSourcesBuildPhase;
			buildActionMask = 2147483647;
			files = (
				8246C6EE221120230048C3F8 /* NotificationService.swift in Sources */,
			);
			runOnlyForDeploymentPostprocessing = 0;
		};
/* End PBXSourcesBuildPhase section */

/* Begin PBXTargetDependency section */
		607FACE71AFB9204008FA782 /* PBXTargetDependency */ = {
			isa = PBXTargetDependency;
			target = 607FACCF1AFB9204008FA782 /* Cactacea_Example */;
			targetProxy = 607FACE61AFB9204008FA782 /* PBXContainerItemProxy */;
		};
		8246C6F1221120230048C3F8 /* PBXTargetDependency */ = {
			isa = PBXTargetDependency;
			target = 8246C6EA221120230048C3F8 /* OneSignalNotificationServiceExtension */;
			targetProxy = 8246C6F0221120230048C3F8 /* PBXContainerItemProxy */;
		};
/* End PBXTargetDependency section */

/* Begin PBXVariantGroup section */
		607FACD91AFB9204008FA782 /* Main.storyboard */ = {
			isa = PBXVariantGroup;
			children = (
				607FACDA1AFB9204008FA782 /* Base */,
			);
			name = Main.storyboard;
			sourceTree = "<group>";
		};
		607FACDE1AFB9204008FA782 /* LaunchScreen.xib */ = {
			isa = PBXVariantGroup;
			children = (
				607FACDF1AFB9204008FA782 /* Base */,
			);
			name = LaunchScreen.xib;
			sourceTree = "<group>";
		};
/* End PBXVariantGroup section */

/* Begin XCBuildConfiguration section */
		607FACED1AFB9204008FA782 /* Debug */ = {
			isa = XCBuildConfiguration;
			buildSettings = {
				ALWAYS_SEARCH_USER_PATHS = NO;
				CLANG_CXX_LANGUAGE_STANDARD = "gnu++0x";
				CLANG_CXX_LIBRARY = "libc++";
				CLANG_ENABLE_MODULES = YES;
				CLANG_ENABLE_OBJC_ARC = YES;
				CLANG_WARN_BLOCK_CAPTURE_AUTORELEASING = YES;
				CLANG_WARN_BOOL_CONVERSION = YES;
				CLANG_WARN_COMMA = YES;
				CLANG_WARN_CONSTANT_CONVERSION = YES;
				CLANG_WARN_DEPRECATED_OBJC_IMPLEMENTATIONS = YES;
				CLANG_WARN_DIRECT_OBJC_ISA_USAGE = YES_ERROR;
				CLANG_WARN_EMPTY_BODY = YES;
				CLANG_WARN_ENUM_CONVERSION = YES;
				CLANG_WARN_INFINITE_RECURSION = YES;
				CLANG_WARN_INT_CONVERSION = YES;
				CLANG_WARN_NON_LITERAL_NULL_CONVERSION = YES;
				CLANG_WARN_OBJC_IMPLICIT_RETAIN_SELF = YES;
				CLANG_WARN_OBJC_LITERAL_CONVERSION = YES;
				CLANG_WARN_OBJC_ROOT_CLASS = YES_ERROR;
				CLANG_WARN_RANGE_LOOP_ANALYSIS = YES;
				CLANG_WARN_STRICT_PROTOTYPES = YES;
				CLANG_WARN_SUSPICIOUS_MOVE = YES;
				CLANG_WARN_UNREACHABLE_CODE = YES;
				CLANG_WARN__DUPLICATE_METHOD_MATCH = YES;
				"CODE_SIGN_IDENTITY[sdk=iphoneos*]" = "iPhone Developer";
				COPY_PHASE_STRIP = NO;
				DEBUG_INFORMATION_FORMAT = "dwarf-with-dsym";
				ENABLE_STRICT_OBJC_MSGSEND = YES;
				ENABLE_TESTABILITY = YES;
				GCC_C_LANGUAGE_STANDARD = gnu99;
				GCC_DYNAMIC_NO_PIC = NO;
				GCC_NO_COMMON_BLOCKS = YES;
				GCC_OPTIMIZATION_LEVEL = 0;
				GCC_PREPROCESSOR_DEFINITIONS = (
					"DEBUG=1",
					"$(inherited)",
				);
				GCC_SYMBOLS_PRIVATE_EXTERN = NO;
				GCC_WARN_64_TO_32_BIT_CONVERSION = YES;
				GCC_WARN_ABOUT_RETURN_TYPE = YES_ERROR;
				GCC_WARN_UNDECLARED_SELECTOR = YES;
				GCC_WARN_UNINITIALIZED_AUTOS = YES_AGGRESSIVE;
				GCC_WARN_UNUSED_FUNCTION = YES;
				GCC_WARN_UNUSED_VARIABLE = YES;
				IPHONEOS_DEPLOYMENT_TARGET = 9.3;
				MTL_ENABLE_DEBUG_INFO = YES;
				ONLY_ACTIVE_ARCH = YES;
				SDKROOT = iphoneos;
				SWIFT_OPTIMIZATION_LEVEL = "-Onone";
			};
			name = Debug;
		};
		607FACEE1AFB9204008FA782 /* Release */ = {
			isa = XCBuildConfiguration;
			buildSettings = {
				ALWAYS_SEARCH_USER_PATHS = NO;
				CLANG_CXX_LANGUAGE_STANDARD = "gnu++0x";
				CLANG_CXX_LIBRARY = "libc++";
				CLANG_ENABLE_MODULES = YES;
				CLANG_ENABLE_OBJC_ARC = YES;
				CLANG_WARN_BLOCK_CAPTURE_AUTORELEASING = YES;
				CLANG_WARN_BOOL_CONVERSION = YES;
				CLANG_WARN_COMMA = YES;
				CLANG_WARN_CONSTANT_CONVERSION = YES;
				CLANG_WARN_DEPRECATED_OBJC_IMPLEMENTATIONS = YES;
				CLANG_WARN_DIRECT_OBJC_ISA_USAGE = YES_ERROR;
				CLANG_WARN_EMPTY_BODY = YES;
				CLANG_WARN_ENUM_CONVERSION = YES;
				CLANG_WARN_INFINITE_RECURSION = YES;
				CLANG_WARN_INT_CONVERSION = YES;
				CLANG_WARN_NON_LITERAL_NULL_CONVERSION = YES;
				CLANG_WARN_OBJC_IMPLICIT_RETAIN_SELF = YES;
				CLANG_WARN_OBJC_LITERAL_CONVERSION = YES;
				CLANG_WARN_OBJC_ROOT_CLASS = YES_ERROR;
				CLANG_WARN_RANGE_LOOP_ANALYSIS = YES;
				CLANG_WARN_STRICT_PROTOTYPES = YES;
				CLANG_WARN_SUSPICIOUS_MOVE = YES;
				CLANG_WARN_UNREACHABLE_CODE = YES;
				CLANG_WARN__DUPLICATE_METHOD_MATCH = YES;
				"CODE_SIGN_IDENTITY[sdk=iphoneos*]" = "iPhone Developer";
				COPY_PHASE_STRIP = NO;
				DEBUG_INFORMATION_FORMAT = "dwarf-with-dsym";
				ENABLE_NS_ASSERTIONS = NO;
				ENABLE_STRICT_OBJC_MSGSEND = YES;
				GCC_C_LANGUAGE_STANDARD = gnu99;
				GCC_NO_COMMON_BLOCKS = YES;
				GCC_WARN_64_TO_32_BIT_CONVERSION = YES;
				GCC_WARN_ABOUT_RETURN_TYPE = YES_ERROR;
				GCC_WARN_UNDECLARED_SELECTOR = YES;
				GCC_WARN_UNINITIALIZED_AUTOS = YES_AGGRESSIVE;
				GCC_WARN_UNUSED_FUNCTION = YES;
				GCC_WARN_UNUSED_VARIABLE = YES;
				IPHONEOS_DEPLOYMENT_TARGET = 9.3;
				MTL_ENABLE_DEBUG_INFO = NO;
				SDKROOT = iphoneos;
				SWIFT_OPTIMIZATION_LEVEL = "-Owholemodule";
				VALIDATE_PRODUCT = YES;
			};
			name = Release;
		};
		607FACF01AFB9204008FA782 /* Debug */ = {
			isa = XCBuildConfiguration;
			baseConfigurationReference = 9A1C9CEFA1F069BCA9720392 /* Pods-Cactacea_Example.debug.xcconfig */;
			buildSettings = {
				ALWAYS_EMBED_SWIFT_STANDARD_LIBRARIES = YES;
				ASSETCATALOG_COMPILER_APPICON_NAME = AppIcon;
				CODE_SIGN_ENTITLEMENTS = Cactacea_Example.entitlements;
				CODE_SIGN_IDENTITY = "iPhone Developer";
				DEVELOPMENT_TEAM = AV2D28Q4FY;
				INFOPLIST_FILE = Cactacea/Info.plist;
				IPHONEOS_DEPLOYMENT_TARGET = 10.3;
				LD_RUNPATH_SEARCH_PATHS = "$(inherited) @executable_path/Frameworks";
				MODULE_NAME = ExampleApp;
				PRODUCT_BUNDLE_IDENTIFIER = io.github.cactacea;
				PRODUCT_NAME = "$(TARGET_NAME)";
				SWIFT_VERSION = 4.2;
			};
			name = Debug;
		};
		607FACF11AFB9204008FA782 /* Release */ = {
			isa = XCBuildConfiguration;
			baseConfigurationReference = A2BE60797CBD5595B288348F /* Pods-Cactacea_Example.release.xcconfig */;
			buildSettings = {
				ALWAYS_EMBED_SWIFT_STANDARD_LIBRARIES = YES;
				ASSETCATALOG_COMPILER_APPICON_NAME = AppIcon;
				CODE_SIGN_ENTITLEMENTS = Cactacea_Example.entitlements;
				CODE_SIGN_IDENTITY = "iPhone Developer";
				DEVELOPMENT_TEAM = AV2D28Q4FY;
				INFOPLIST_FILE = Cactacea/Info.plist;
				IPHONEOS_DEPLOYMENT_TARGET = 10.3;
				LD_RUNPATH_SEARCH_PATHS = "$(inherited) @executable_path/Frameworks";
				MODULE_NAME = ExampleApp;
				PRODUCT_BUNDLE_IDENTIFIER = io.github.cactacea;
				PRODUCT_NAME = "$(TARGET_NAME)";
				SWIFT_VERSION = 4.2;
			};
			name = Release;
		};
		607FACF31AFB9204008FA782 /* Debug */ = {
			isa = XCBuildConfiguration;
			baseConfigurationReference = 8C3BD379CA48ADD2A72E8FCF /* Pods-Cactacea_Tests.debug.xcconfig */;
			buildSettings = {
				DEVELOPMENT_TEAM = AV2D28Q4FY;
				FRAMEWORK_SEARCH_PATHS = (
					"$(SDKROOT)/Developer/Library/Frameworks",
					"$(inherited)",
				);
				GCC_PREPROCESSOR_DEFINITIONS = (
					"DEBUG=1",
					"$(inherited)",
				);
				INFOPLIST_FILE = Tests/Info.plist;
				LD_RUNPATH_SEARCH_PATHS = "$(inherited) @executable_path/Frameworks @loader_path/Frameworks";
				PRODUCT_BUNDLE_IDENTIFIER = "org.cocoapods.$(PRODUCT_NAME:rfc1034identifier)";
				PRODUCT_NAME = "$(TARGET_NAME)";
				SWIFT_VERSION = 4.2;
				TEST_HOST = "$(BUILT_PRODUCTS_DIR)/Cactacea_Example.app/Cactacea_Example";
			};
			name = Debug;
		};
		607FACF41AFB9204008FA782 /* Release */ = {
			isa = XCBuildConfiguration;
			baseConfigurationReference = FBEBA9AA30F9578A649DA580 /* Pods-Cactacea_Tests.release.xcconfig */;
			buildSettings = {
				DEVELOPMENT_TEAM = AV2D28Q4FY;
				FRAMEWORK_SEARCH_PATHS = (
					"$(SDKROOT)/Developer/Library/Frameworks",
					"$(inherited)",
				);
				INFOPLIST_FILE = Tests/Info.plist;
				LD_RUNPATH_SEARCH_PATHS = "$(inherited) @executable_path/Frameworks @loader_path/Frameworks";
				PRODUCT_BUNDLE_IDENTIFIER = "org.cocoapods.$(PRODUCT_NAME:rfc1034identifier)";
				PRODUCT_NAME = "$(TARGET_NAME)";
				SWIFT_VERSION = 4.2;
				TEST_HOST = "$(BUILT_PRODUCTS_DIR)/Cactacea_Example.app/Cactacea_Example";
			};
			name = Release;
		};
		8246C6F3221120230048C3F8 /* Debug */ = {
			isa = XCBuildConfiguration;
			baseConfigurationReference = 0E41770087A92E553CDE03AC /* Pods-OneSignalNotificationServiceExtension.debug.xcconfig */;
			buildSettings = {
				CLANG_ANALYZER_NONNULL = YES;
				CLANG_ANALYZER_NUMBER_OBJECT_CONVERSION = YES_AGGRESSIVE;
				CLANG_CXX_LANGUAGE_STANDARD = "gnu++14";
				CLANG_ENABLE_OBJC_WEAK = YES;
				CLANG_WARN_DOCUMENTATION_COMMENTS = YES;
				CLANG_WARN_UNGUARDED_AVAILABILITY = YES_AGGRESSIVE;
				CODE_SIGN_IDENTITY = "iPhone Developer";
				CODE_SIGN_STYLE = Automatic;
				DEBUG_INFORMATION_FORMAT = dwarf;
				DEVELOPMENT_TEAM = AV2D28Q4FY;
				GCC_C_LANGUAGE_STANDARD = gnu11;
				INFOPLIST_FILE = OneSignalNotificationServiceExtension/Info.plist;
				IPHONEOS_DEPLOYMENT_TARGET = 10.3;
				LD_RUNPATH_SEARCH_PATHS = "$(inherited) @executable_path/Frameworks @executable_path/../../Frameworks";
				MTL_ENABLE_DEBUG_INFO = INCLUDE_SOURCE;
				MTL_FAST_MATH = YES;
				PRODUCT_BUNDLE_IDENTIFIER = io.github.cactacea.OneSignalNotificationServiceExtension;
				PRODUCT_NAME = "$(TARGET_NAME)";
				SKIP_INSTALL = YES;
				SWIFT_ACTIVE_COMPILATION_CONDITIONS = DEBUG;
				SWIFT_VERSION = 4.2;
				TARGETED_DEVICE_FAMILY = "1,2";
			};
			name = Debug;
		};
		8246C6F4221120230048C3F8 /* Release */ = {
			isa = XCBuildConfiguration;
			baseConfigurationReference = 0A5EDE39FF451A62B67D2C43 /* Pods-OneSignalNotificationServiceExtension.release.xcconfig */;
			buildSettings = {
				CLANG_ANALYZER_NONNULL = YES;
				CLANG_ANALYZER_NUMBER_OBJECT_CONVERSION = YES_AGGRESSIVE;
				CLANG_CXX_LANGUAGE_STANDARD = "gnu++14";
				CLANG_ENABLE_OBJC_WEAK = YES;
				CLANG_WARN_DOCUMENTATION_COMMENTS = YES;
				CLANG_WARN_UNGUARDED_AVAILABILITY = YES_AGGRESSIVE;
				CODE_SIGN_IDENTITY = "iPhone Developer";
				CODE_SIGN_STYLE = Automatic;
				DEVELOPMENT_TEAM = AV2D28Q4FY;
				GCC_C_LANGUAGE_STANDARD = gnu11;
				INFOPLIST_FILE = OneSignalNotificationServiceExtension/Info.plist;
				IPHONEOS_DEPLOYMENT_TARGET = 10.3;
				LD_RUNPATH_SEARCH_PATHS = "$(inherited) @executable_path/Frameworks @executable_path/../../Frameworks";
				MTL_FAST_MATH = YES;
				PRODUCT_BUNDLE_IDENTIFIER = io.github.cactacea.OneSignalNotificationServiceExtension;
				PRODUCT_NAME = "$(TARGET_NAME)";
				SKIP_INSTALL = YES;
				SWIFT_VERSION = 4.2;
				TARGETED_DEVICE_FAMILY = "1,2";
			};
			name = Release;
		};
/* End XCBuildConfiguration section */

/* Begin XCConfigurationList section */
		607FACCB1AFB9204008FA782 /* Build configuration list for PBXProject "Cactacea" */ = {
			isa = XCConfigurationList;
			buildConfigurations = (
				607FACED1AFB9204008FA782 /* Debug */,
				607FACEE1AFB9204008FA782 /* Release */,
			);
			defaultConfigurationIsVisible = 0;
			defaultConfigurationName = Release;
		};
		607FACEF1AFB9204008FA782 /* Build configuration list for PBXNativeTarget "Cactacea_Example" */ = {
			isa = XCConfigurationList;
			buildConfigurations = (
				607FACF01AFB9204008FA782 /* Debug */,
				607FACF11AFB9204008FA782 /* Release */,
			);
			defaultConfigurationIsVisible = 0;
			defaultConfigurationName = Release;
		};
		607FACF21AFB9204008FA782 /* Build configuration list for PBXNativeTarget "Cactacea_Tests" */ = {
			isa = XCConfigurationList;
			buildConfigurations = (
				607FACF31AFB9204008FA782 /* Debug */,
				607FACF41AFB9204008FA782 /* Release */,
			);
			defaultConfigurationIsVisible = 0;
			defaultConfigurationName = Release;
		};
		8246C6F5221120230048C3F8 /* Build configuration list for PBXNativeTarget "OneSignalNotificationServiceExtension" */ = {
			isa = XCConfigurationList;
			buildConfigurations = (
				8246C6F3221120230048C3F8 /* Debug */,
				8246C6F4221120230048C3F8 /* Release */,
			);
			defaultConfigurationIsVisible = 0;
			defaultConfigurationName = Release;
		};
/* End XCConfigurationList section */
	};
	rootObject = 607FACC81AFB9204008FA782 /* Project object */;
}
